{
    "_meta": {
        "hash": {
            "sha256": "6c8e565cce48d1be1a5bbf0f1fec4cdbc3f19c0cbe6e89bc96a3b8afb0197c29"
        },
        "pipfile-spec": 6,
        "requires": {
            "python_version": "3.11"
        },
        "sources": [
            {
                "name": "pypi",
                "url": "https://pypi.org/simple",
                "verify_ssl": true
            }
        ]
    },
    "default": {
        "ordered-set": {
            "hashes": [
                "sha256:046e1132c71fcf3330438a539928932caf51ddbc582496833e23de611de14562",
                "sha256:694a8e44c87657c59292ede72891eb91d34131f6531463aab3009191c77364a8"
            ],
            "index": "pypi",
            "markers": "python_version >= '3.7'",
            "version": "==4.1.0"
        },
        "pyopengl": {
            "hashes": [
                "sha256:15995fd3b0deb991376805da36137a4ae5aba6ddbb5e29ac1f35462d130a3f77",
                "sha256:28ebd82c5f4491a418aeca9672dffb3adbe7d33b39eada4548a5b4e8c03f60c8"
            ],
            "version": "==3.1.9"
        },
        "pyside6": {
            "hashes": [
                "sha256:3fcb551729f235475b2abe7d919027de54a65d850e744f60716f890202273720"
            ],
            "markers": "python_version < '3.14' and python_version >= '3.9'",
            "version": "==6.8.2.1"
        },
        "pyside6-addons": {
            "hashes": [
                "sha256:5558816018042fecd0d782111ced529585a23ea9a010b518f8495764f578a01f"
            ],
            "markers": "python_version < '3.14' and python_version >= '3.9'",
            "version": "==6.8.2.1"
        },
        "pyside6-essentials": {
            "hashes": [
                "sha256:ae5cc48f7e9a08e73e3ec2387ce245c8150e620b8d5a87548ebd4b8e3aeae49b"
            ],
            "markers": "python_version < '3.14' and python_version >= '3.9'",
            "version": "==6.8.2.1"
        },
        "shiboken6": {
            "hashes": [
                "sha256:d3dedeb3732ecfc920c9f97da769c0022a1c3bda99346a9eba56fbf093deaa75"
            ],
            "markers": "python_version < '3.14' and python_version >= '3.9'",
            "version": "==6.8.2.1"
        }
    },
    "develop": {}
}
