{
    "_meta": {
        "hash": {
            "sha256": "3bf072ea57832059ecae0f9a88e891436103b5e167837e482a860050056c203d"
        },
        "pipfile-spec": 6,
        "requires": {
            "python_version": "3.11"
        },
        "sources": [
            {
                "name": "pypi",
                "url": "https://pypi.org/simple",
                "verify_ssl": true
            }
        ]
    },
    "default": {
        "ordered-set": {
            "hashes": [
                "sha256:046e1132c71fcf3330438a539928932caf51ddbc582496833e23de611de14562",
                "sha256:694a8e44c87657c59292ede72891eb91d34131f6531463aab3009191c77364a8"
            ],
            "index": "pypi",
            "markers": "python_version >= '3.7'",
            "version": "==4.1.0"
        },
        "pygame": {
            "hashes": [
                "sha256:56fb02ead529cee00d415c3e007f75e0780c655909aaa8e8bf616ee09c9feb1f",
                "sha256:f3935459109da4bb0b3901da9904f0a3e52028a3332a355d298b1673a334cf21"
            ],
            "markers": "python_version >= '3.6'",
            "version": "==2.6.1"
        },
        "pyopengl": {
            "hashes": [
                "sha256:15995fd3b0deb991376805da36137a4ae5aba6ddbb5e29ac1f35462d130a3f77",
                "sha256:28ebd82c5f4491a418aeca9672dffb3adbe7d33b39eada4548a5b4e8c03f60c8"
            ],
            "version": "==3.1.9"
        }
    },
    "develop": {}
}
