{
    "_meta": {
        "hash": {
            "sha256": "8859a5e53c6cfdaebaeb16d9099881d5a6b94564794e34458db2306cb9d6ef2e"
        },
        "pipfile-spec": 6,
        "requires": {
            "python_version": "3.12"
        },
        "sources": [
            {
                "name": "pypi",
                "url": "https://pypi.org/simple",
                "verify_ssl": true
            }
        ]
    },
    "default": {
        "tornado": {
            "hashes": [
                "sha256:11881db6b7c168494be2c2d12e65931451bdf7ee718535418ae1d8855dd5a0ee",
                "sha256:547d63f450d570c14fe0e8db2cfb14c9bbd1c2503b4a6612586267955aa47b58",
                "sha256:5d242290bdf7ab3151bc1065fdd75c0dcc21cbc7b49f22a4c56329c2d6566d22",
                "sha256:67832909c4779c64942380cb5f044a5c6163d00831472d80e25e115de9917836",
                "sha256:68a7468c7e289f8514d7d664101753903217eff1bb6822c6b5994a0b5f5bcb26",
                "sha256:7b94ff0e128fe0542f3bd331fb44d06260fc4ac16881545159f34ef08aad4195",
                "sha256:7e2360a0ffbe145eca8af0b19cb7203d79b1a98dd4cccdd6b368f6f49c2e3808",
                "sha256:9452e1b208a8bd771e2cb1f2ff564985b9b214bdebbe622793e1799e0a6bd23f",
                "sha256:9715b5eb79735b2bcd454ce216a9275b7c0470e64ea1bf5742f78b2f72b26eeb",
                "sha256:cc6aa787d7cfab7c3d35189dc7a56fbd2399a569624c730c6b55b3d6531d0403"
            ],
            "index": "pypi",
            "markers": "python_version >= '3.9'",
            "version": "==6.5.8"
        }
    },
    "develop": {}
}
