{
    "_meta": {
        "hash": {
            "sha256": "7ec5a3c239c35b30a3205060eb524560a40a6633c97018118165aab623ba3601"
        },
        "pipfile-spec": 6,
        "requires": {
            "python_version": "3.11"
        },
        "sources": [
            {
                "name": "pypi",
                "url": "https://pypi.org/simple",
                "verify_ssl": true
            }
        ]
    },
    "default": {
        "tornado": {
            "hashes": [
                "sha256:192b8f3ea91bd7f1f50c06955416ed76c6b72f96779b962f07f911b91e8d30e9",
                "sha256:2c9a876e094109333f888539ddb2de4361743e5d21eece20688e3e351e4990a6",
                "sha256:36abed1754faeb80fbd6e64db2758091e1320f6bba74a4cf8c09cd18ccce8aca",
                "sha256:3f54aa540bdbfee7b9eb268ead60e7d199de5021facd276819c193c0fb28ea4e",
                "sha256:435319e9e340276428bbdb4e7fa732c2d399386d1de5686cb331ec8eee754f07",
                "sha256:487dc9cc380e29f58c7ab88f9e27cdeef04b2140862e5076a66fb6bb68bb1bfa",
                "sha256:6443a794ba961a9f619b1ae926a2e900ac20c34483eea67be4ed8f1e58d3ef7b",
                "sha256:65a7f1d46d4bb41df1ac99f5fcb685fb25c7e61613742d5108b010975a9a6521",
                "sha256:dd3eafaaeec1c7f2f8fdcd5f964e8907ad788fe8a5a32c4426fbbdda621223b7",
                "sha256:e74c92e8e65086b338fd56333fb9a68b9f6f2fe7ad532645a290a464bcf46be5"
            ],
            "index": "pypi",
            "markers": "python_version >= '3.9'",
            "version": "==6.5.5"
        }
    },
    "develop": {}
}
