{
    "_meta": {
        "hash": {
            "sha256": "d97d44ed8f2914769ecaa9b5d3c4fb4c1062d3e9f18587a859f0a05245689b70"
        },
        "pipfile-spec": 6,
        "requires": {
            "python_version": "3.10"
        },
        "sources": [
            {
                "name": "pypi",
                "url": "https://pypi.org/simple",
                "verify_ssl": true
            }
        ]
    },
    "default": {
        "gbulb": {
            "hashes": [
                "sha256:1571634f34b7a98f04adfb3072f97a8bef4bdf62a36a3816b94b402569b12f9b",
                "sha256:5d029fceeffa3694b058002a265bd50e55e52f1fb26f0d4336dff32b33a4ae2b"
            ],
            "markers": "python_version >= '3.8'",
            "version": "==0.6.5"
        },
        "ordered-set": {
            "hashes": [
                "sha256:046e1132c71fcf3330438a539928932caf51ddbc582496833e23de611de14562",
                "sha256:694a8e44c87657c59292ede72891eb91d34131f6531463aab3009191c77364a8"
            ],
            "index": "pypi",
            "markers": "python_version >= '3.7'",
            "version": "==4.1.0"
        },
        "pycairo": {
            "hashes": [
                "sha256:1d54e28170a5e790269d9db4c195cca5152ff018ba7e330d0ed05d86ccc2ea7d",
                "sha256:20a31af89d92ffd5fc60c08e65ff649f16e18621a14a40dbdb049fc74942d7a9",
                "sha256:2dddd0a874fbddb21e14acd9b955881ee1dc6e63b9c549a192d613a907f9cbeb",
                "sha256:3e4e18ea03122e60abe3eb611e2849859cc950083ff85d8369328eadf3df63f5",
                "sha256:5986b8da3e7de7ab931d7ad527938df38f75d3a3bdea2b515c786c5ca2c5093c",
                "sha256:675578bc6d62d15ff8669f264783efc9c8c73e3a6f564b294a70fb45a2f78667",
                "sha256:696ba8024d2827e66e088a6e05a3b0aea30d289476bcb2ca47c9670d40900a50",
                "sha256:8616408ae93de4824a3777ec532ea75643e4bf74e49d601062c0b1788180c962",
                "sha256:9fa51168010e2dfb45499df071fca2d921893f724646f3454951000a7ad0cabb",
                "sha256:a611e4d82ad8470138bb46d465d47e8db826d9d80b6a520ccd83ee007f2073e4",
                "sha256:a8f3b567ba2ad55624a809823ccf75aff8d768c20216cb5888365f6fc695c1d2",
                "sha256:aac447b423b33b64119ecdd1ffebf9163b07f5401c5da50c707197efdd1c918a",
                "sha256:b6690a00fb225c19f42d76660e676aba7ae7cb18f3632cb02bce7f0d9b9c3800",
                "sha256:d374d9ec6d2f791bf57105d87a9028db1ef2b687848f64a524e447033eae7229",
                "sha256:d63929ab5a2f890a333f2f2f51de9f1c9fe20d1bddc982c2ca577b737448d72f"
            ],
            "markers": "python_version >= '3.8'",
            "version": "==1.26.0"
        },
        "pygobject": {
            "hashes": [
                "sha256:c3c0a7afbe5b2c1c64dc0530109b4dd571085153dbedfbccb8ec7c5ad233f977"
            ],
            "markers": "python_version >= '3.8' and python_version < '4'",
            "version": "==3.48.2"
        },
        "toga": {
            "hashes": [
                "sha256:79529a0ee3accd469aa11cbc53a02318a139efc57ae3f9c1720440517ffe8bee",
                "sha256:f22b08294c2562756e2a5993433ed75515250594d1212e296a5c4bdd302e3345"
            ],
            "index": "pypi",
            "markers": "python_version >= '3.8'",
            "version": "==0.4.3"
        },
        "toga-core": {
            "hashes": [
                "sha256:2a4bb614b6713c647d48a3631da00e582acb559a7d7d88fc149b59d7f9c48651",
                "sha256:ef27458108155a595f6a057dc2f1dee6c741539545c2bae42ddd21dcd97e16df"
            ],
            "markers": "python_version >= '3.8'",
            "version": "==0.4.3"
        },
        "toga-gtk": {
            "hashes": [
                "sha256:3e224cc4541ac0feaca5b9b888575a638dd7c9a37ed4fdbccda53c9fac6c9911",
                "sha256:97aaacd97fc557e31d2b31ab3b7ea2ce64c6c3bc64ff858dc0d39bfadd0fe5db"
            ],
            "markers": "sys_platform == 'linux'",
            "version": "==0.4.3"
        },
        "travertino": {
            "hashes": [
                "sha256:51aa2ddf361ec42c0a70401b52ab0d26293fddb0d9de35555f7489ab8a296e19",
                "sha256:f45d8102353f92c2894915e42f939ba4bc1a0be78b02fa54b640c0e674892167"
            ],
            "markers": "python_version >= '3.8'",
            "version": "==0.3.0"
        }
    },
    "develop": {}
}
