{
    "_meta": {
        "hash": {
            "sha256": "266cdea136a068a57d265621b0b1e4677b091954ef59da8eb66ffbd569cda1d9"
        },
        "pipfile-spec": 6,
        "requires": {
            "python_version": "3.12"
        },
        "sources": [
            {
                "name": "pypi",
                "url": "https://pypi.org/simple",
                "verify_ssl": true
            }
        ]
    },
    "default": {
        "aspose.email-for-python-via-net": {
            "hashes": [
                "sha256:3151e67dc5f419bd8c1f8f7d5c0a9f06eb1a29a62caa3255b321dda36bf0b21d",
                "sha256:9dca8c716194f7661f0a2ac3f8a55e69f6cd2fbbc661b7ac7ea14e3e26db58ca",
                "sha256:c2eebd377c4b82d00875960bb0307ad345bc503d5c7fcd57ce61d04cf598e916",
                "sha256:e1ae37bec5645da59ddb3b15e6790c61c6eef2075625c57dc4868709bc3166ff"
            ],
            "markers": "python_version < '3.14' and python_version >= '3.5'",
            "version": "==25.3"
        },
        "ordered-set": {
            "hashes": [
                "sha256:046e1132c71fcf3330438a539928932caf51ddbc582496833e23de611de14562",
                "sha256:694a8e44c87657c59292ede72891eb91d34131f6531463aab3009191c77364a8"
            ],
            "index": "pypi",
            "markers": "python_version >= '3.7'",
            "version": "==4.1.0"
        }
    },
    "develop": {}
}
