{
    "_meta": {
        "hash": {
            "sha256": "be71c8f6caa6bcb5755c8abfd656081f138016f5ce9ab5cb88be46f23299d59c"
        },
        "pipfile-spec": 6,
        "requires": {
            "python_version": "3.12"
        },
        "sources": [
            {
                "name": "pypi",
                "url": "https://pypi.org/simple",
                "verify_ssl": true
            }
        ]
    },
    "default": {
        "aspose.email-for-python-via-net": {
            "hashes": [
                "sha256:39480f42b597ca495cf9298432fc4c82ac149b5754a0d43e1ff75ef0c5b48465",
                "sha256:822d11dc641dba01b55290aa7f4aaf85f50d907f1942f37a3085d02a2d0be38d",
                "sha256:91f6a2c58c8ed2d8f4b2302f75cd6faab12ce8575d7a3ecad1ecb6732a1a611b",
                "sha256:e96f6b4c0cece3be535a520070db97b694355a4161e43134067223abbcad7234"
            ],
            "markers": "python_version < '3.14' and python_version >= '3.5'",
            "version": "==26.7"
        }
    },
    "develop": {}
}
