{
    "_meta": {
        "hash": {
            "sha256": "266cdea136a068a57d265621b0b1e4677b091954ef59da8eb66ffbd569cda1d9"
        },
        "pipfile-spec": 6,
        "requires": {
            "python_version": "3.12"
        },
        "sources": [
            {
                "name": "pypi",
                "url": "https://pypi.org/simple",
                "verify_ssl": true
            }
        ]
    },
    "default": {
        "aspose.email-for-python-via-net": {
            "hashes": [
                "sha256:7863ddb172e5e77da9ed96859a2266a006fd8245c903cfdd41a629fc5b951bf8",
                "sha256:ac0d0e09e7a628da73a81b51720226ce2c18d752eff618404266930668c11027",
                "sha256:c435e3ca89f7c4699d7b0f4f21129557fb453cdb18708b7363075e66a68b9d20",
                "sha256:dc6f435c8186428d5652bfbf148ae19791ede86489230f91b26eec5f0aecbe26"
            ],
            "markers": "python_version < '3.14' and python_version >= '3.5'",
            "version": "==25.2"
        },
        "ordered-set": {
            "hashes": [
                "sha256:046e1132c71fcf3330438a539928932caf51ddbc582496833e23de611de14562",
                "sha256:694a8e44c87657c59292ede72891eb91d34131f6531463aab3009191c77364a8"
            ],
            "index": "pypi",
            "markers": "python_version >= '3.7'",
            "version": "==4.1.0"
        }
    },
    "develop": {}
}
