{
    "_meta": {
        "hash": {
            "sha256": "d2fee54da0cd40584534363184483e375f60aef8095adc7fa7eefd49f6faf262"
        },
        "pipfile-spec": 6,
        "requires": {
            "python_version": "3.13"
        },
        "sources": [
            {
                "name": "pypi",
                "url": "https://pypi.org/simple",
                "verify_ssl": true
            }
        ]
    },
    "default": {
        "ordered-set": {
            "hashes": [
                "sha256:046e1132c71fcf3330438a539928932caf51ddbc582496833e23de611de14562",
                "sha256:694a8e44c87657c59292ede72891eb91d34131f6531463aab3009191c77364a8"
            ],
            "index": "pypi",
            "markers": "python_version >= '3.7'",
            "version": "==4.1.0"
        },
        "sqlglot": {
            "hashes": [
                "sha256:2bb4a9522c835bb41ff274497973906b42f8ec2cf7776a18b1035b1253bc81e5",
                "sha256:4986ab43443263144c1783aeafe116e68a46f9be43f813c0ce4b914700063dbc"
            ],
            "index": "pypi",
            "markers": "python_version >= '3.9'",
            "version": "==27.19.0"
        }
    },
    "develop": {}
}
