{
    "_meta": {
        "hash": {
            "sha256": "ff4c0d67b53fc3b6124660d4452dc859a961258ac021a4f8d1a116f31a2ba5bc"
        },
        "pipfile-spec": 6,
        "requires": {
            "python_version": "3.12"
        },
        "sources": [
            {
                "name": "pypi",
                "url": "https://pypi.org/simple",
                "verify_ssl": true
            }
        ]
    },
    "default": {
        "dulwich": {
            "hashes": [
                "sha256:02b3e1cd7f50fcceb36328a3beed6727ca1905ec1131ded70c03cdb5beaf2f5f",
                "sha256:052ad458ef641daaf2eafbc7e230d37303362866355b493265d4f66a59824f77",
                "sha256:068b75468a9f992c884dd940e11e85b01d4675662053cad3b98758dc49ce7971",
                "sha256:079720201a0cbbbdcf2c233484df2fb60351d4c09b5b7581d204248d2f6bf82a",
                "sha256:1d0daaeed3f138419f91e5af757d65627a7a531b87466cbfb84890f4105192f6",
                "sha256:1d258b0ea848ba72f81d11127d259a6be9202a116968967747a2dc14cf96349f",
                "sha256:243e85e071d936ab1d40f21a9e7c51ed41bf66bc4c3eca9b7836b4048b8fd750",
                "sha256:2534d39632287c8ae2533dd0cf3ecf7cde630e0970c36f1f21e39765edd900b3",
                "sha256:27a2408090198281670340cf00331eeeb51fe9605f2060a190bad0106a4d6a86",
                "sha256:33c88f914983ea809b8277a9fe26ccd9ce7c46847fe848a0b77dc21ea9898270",
                "sha256:36db4ca91fd02fd5740c6353316ad9cf67ada3c35a2cb48c87bd9abeca3a8f31",
                "sha256:3a588f9be3445fa346fd3c488ce476bc4e2c9e758267f3e07c9c2ee48681a395",
                "sha256:42e98f04b1adb2a05fa55c97e5245fd07f51e51adb2b73bf486f516166877899",
                "sha256:4ae3bfc6419fd399894e871e9c5ecde18733513dd092998ee5a2828d74905004",
                "sha256:4d258ed2d254a80fa405d0f4c234b1a364d028219c61f96546971a1a08d04d96",
                "sha256:511132aa9e01a078bfb65879e6b930e641bd26ea5f9bb801d5a5c8610f9fd9d6",
                "sha256:51a55e96e2f740909073d573e9260e270c707dfe032b168dae626efed8e2c4af",
                "sha256:5767e5a6c61fc911e55dd9f360b3dae978d91693ba4f947fe7ba5f8d35fd5d87",
                "sha256:5e70ef293f3e7ef88c5ecea56581459cdb2ed0d11607e2b30b6325b551f3441f",
                "sha256:5f8fcd718b33d3caafa0f6430248c8b3fc1174d363e65b65ddee274a08864d17",
                "sha256:60faddd32929aedee6f1650708d84169480f89944c32079872ec74f233e50eb2",
                "sha256:63ed101cd70ad268f8c39edd82b519db8447444a32c07f36235383ecbe3f4f2e",
                "sha256:6d85ed726a88f4688c26a3e0251045d99cf4acdcacff6f82f1bcc062c553ab4a",
                "sha256:6df420ee7e1f5211b8709a385ae2e7538abd79a8341a38742adaf0ae073befb0",
                "sha256:71dd1b4c904e108b1dddcb16b585112cc6c61f1d7a1530488d6f9aca53dae03e",
                "sha256:82555d6ea6d728ed722fdfcde6658e3d2b1774ad916260fdfd90a2e7af64291a",
                "sha256:839da978476c8ecf6d12731f89f0d64a3101c95456366fd659b320d5f466af24",
                "sha256:84e7e122d9ce1f4a93a8d186cc10e07cb5cbb67c3a252f62abc6f9b9c2009489",
                "sha256:87a3f1814fd1a49c7ad14c2fbc250638b104b8eb1a43de4c885c011a957cdebd",
                "sha256:8a2d768889c6ab5baaee02d57142b41f6e251b9dab5ecbc996d7b031f6afdfc6",
                "sha256:8c3ac16148ddb16f390971ef8536839217a1457394d79e5afced237d2e2a9293",
                "sha256:8c76c06469723af59605128c072a41b562a533b37d23e24575c55caf37a492bc",
                "sha256:8dc0c9e39ef407c7c2d20e975d74580fbcfc708c3017a4ce5bdda1602b4553b2",
                "sha256:8e49eabb93d6458f14347e647ebdfd7376b2dc72489c1ceb08ccf4348fb3024b",
                "sha256:a547aba91a9d2be57c2656dac0182e7f504bdaef4b72cbb1630b126c93857b4e",
                "sha256:aa17a151e42926e5f255ead32349f628a6f0d11633a3ffc1f2b9708756c00525",
                "sha256:ad4ea1950f6f2692ee228be3a7fe854ac6666d00d3912020528cd2bd761b0ab3",
                "sha256:b69ed74e70ce77e7acd41eee696c2fea75cc6dd52f101006a5f65e2c2eb137b6",
                "sha256:b73a32c6cc4563bc333cd3709fcd9ea0a09633a7254873abc216b48ec8d406a9",
                "sha256:b86140cc1a61f63f16e8527ad458bebc8f3d3e298b57946d271e092c4aba7ffb",
                "sha256:c01eb5b16a5f6aba053a56d5772e0587d1785177ceec3c2e3578723f91c52ef0",
                "sha256:c098557cd8b72b314b7919e362cc427cedb0d520437571b616120a1778491c21",
                "sha256:c6f12c1798c803ca53b5635c30ea1879000ab1d985db588de5ff346d1a428ed4",
                "sha256:c842a637f86e67e12fc49fdc36a26dd3737d1c0887abd9afb4e6e28017eb614c",
                "sha256:ca1003ae656ebeb5df67234c3886d6f0dde2379a169c069ebcdeb1a520f0a3e4",
                "sha256:d691c71f4420673a14a7601194300ee5b5d07b4d35730b4abf20dac8fdc47824",
                "sha256:dd1043bebcfa7750b2b3513d4ff651eaabd2a5b65944644023bb455eedaf891d",
                "sha256:dd87c6990e57095f16f9e07ab0ca0220edfbe8086bc45778a07635689651fd47",
                "sha256:de2c3414e9775c1790828ded58e5ab484c24569e38c43983cc7a371e90e13fd7",
                "sha256:de8679e04637dc24c6e2c9223f7827636bcd8992d5e6f42bfae3300b2a956f78",
                "sha256:e54be17ca62fb710ab500b5a6c53f14c4a52357e9595946839678ea27ed581a7",
                "sha256:f00c13016fead37f912356c5900e5a5b4c4e40558cee4ca886b0fea01e216a8b",
                "sha256:f130e555d8bbbe85f4c355f8c039e70dfed7d43631492f10d94ea135014d11ae",
                "sha256:f3ea72fee423ab96f5a2db2116a22881fd9c40368efd000eb2c43ac0e86e605f",
                "sha256:fae35f5f6195615037d86d98bd39f3eba42ff8652f8d52c8848d368e86208ff1",
                "sha256:ff86a97bc158764e06d13dd1d70943e2631112aa486f0269c969a3675f55d0e8"
            ],
            "index": "pypi",
            "markers": "python_version >= '3.10'",
            "version": "==1.2.17"
        },
        "urllib3": {
            "hashes": [
                "sha256:0cf3cae568d36aa9576b28dfb35f11328f1cb974ca7647d9475ebb86c75ac6e3",
                "sha256:63bf2ead4c879426ebf22ef2a781eeb4aa3b4ae798a0435506f8687fd5bb9b63"
            ],
            "markers": "python_version >= '3.10'",
            "version": "==2.8.0"
        }
    },
    "develop": {}
}
