name: nuitka-watch-case-3.11-sqlglot-latest
channels:
  - defaults
dependencies:
  - bzip2=1.0.8=h2bbff1b_6
  - ca-certificates=2024.11.26=haa95532_0
  - libffi=3.4.4=hd77b12b_1
  - openssl=3.0.15=h827c3e9_0
  - ordered-set=4.1.0=py311haa95532_0
  - pip=24.2=py311haa95532_0
  - python=3.11.11=h4607a30_0
  - setuptools=75.1.0=py311haa95532_0
  - sqlglot=25.10.0=py311haa95532_0
  - sqlite=3.45.3=h2bbff1b_0
  - tk=8.6.14=h0416ee5_0
  - tzdata=2024b=h04d1e81_0
  - vc=14.40=haa95532_2
  - vs2015_runtime=14.42.34433=h9531ae6_2
  - wheel=0.44.0=py311haa95532_0
  - xz=5.4.6=h8cc25b3_1
  - zlib=1.2.13=h8cc25b3_1
prefix: C:\Users\kayha\anaconda3\envs\nuitka-watch-case-3.11-sqlglot-latest
