{
    "_meta": {
        "hash": {
            "sha256": "4a0868e9f8c29f9f9c05caffff99dc1a46536506f35baeb1a0065efa8186cafb"
        },
        "pipfile-spec": 6,
        "requires": {
            "python_version": "3.12"
        },
        "sources": [
            {
                "name": "pypi",
                "url": "https://pypi.org/simple",
                "verify_ssl": true
            }
        ]
    },
    "default": {
        "imageio": {
            "hashes": [
                "sha256:11efa15b87bc7871b61590326b2d635439acc321cf7f8ce996f812543ce10eed",
                "sha256:71b57b3669666272c818497aebba2b4c5f20d5b37c81720e5e1a56d59c492996"
            ],
            "index": "pypi",
            "markers": "python_version >= '3.9'",
            "version": "==2.37.0"
        },
        "numpy": {
            "hashes": [
                "sha256:02935e2c3c0c6cbe9c7955a8efa8908dd4221d7755644c59d1bba28b94fd334f",
                "sha256:0349b025e15ea9d05c3d63f9657707a4e1d471128a3b1d876c095f328f8ff7f0",
                "sha256:09d6a2032faf25e8d0cadde7fd6145118ac55d2740132c1d845f98721b5ebcfd",
                "sha256:0bc61b307655d1a7f9f4b043628b9f2b721e80839914ede634e3d485913e1fb2",
                "sha256:0eec19f8af947a61e968d5429f0bd92fec46d92b0008d0a6685b40d6adf8a4f4",
                "sha256:106397dbbb1896f99e044efc90360d098b3335060375c26aa89c0d8a97c5f648",
                "sha256:128c41c085cab8a85dc29e66ed88c05613dccf6bc28b3866cd16050a2f5448be",
                "sha256:149d1113ac15005652e8d0d3f6fd599360e1a708a4f98e43c9c77834a28238cb",
                "sha256:159ff6ee4c4a36a23fe01b7c3d07bd8c14cc433d9720f977fcd52c13c0098160",
                "sha256:22ea3bb552ade325530e72a0c557cdf2dea8914d3a5e1fecf58fa5dbcc6f43cd",
                "sha256:23ae9f0c2d889b7b2d88a3791f6c09e2ef827c2446f1c4a3e3e76328ee4afd9a",
                "sha256:250c16b277e3b809ac20d1f590716597481061b514223c7badb7a0f9993c7f84",
                "sha256:2ec6c689c61df613b783aeb21f945c4cbe6c51c28cb70aae8430577ab39f163e",
                "sha256:2ffbb1acd69fdf8e89dd60ef6182ca90a743620957afb7066385a7bbe88dc748",
                "sha256:3074634ea4d6df66be04f6728ee1d173cfded75d002c75fac79503a880bf3825",
                "sha256:356ca982c188acbfa6af0d694284d8cf20e95b1c3d0aefa8929376fea9146f60",
                "sha256:3fbe72d347fbc59f94124125e73fc4976a06927ebc503ec5afbfb35f193cd957",
                "sha256:40c7ff5da22cd391944a28c6a9c638a5eef77fcf71d6e3a79e1d9d9e82752715",
                "sha256:41184c416143defa34cc8eb9d070b0a5ba4f13a0fa96a709e20584638254b317",
                "sha256:451e854cfae0febe723077bd0cf0a4302a5d84ff25f0bfece8f29206c7bed02e",
                "sha256:4525b88c11906d5ab1b0ec1f290996c0020dd318af8b49acaa46f198b1ffc283",
                "sha256:463247edcee4a5537841d5350bc87fe8e92d7dd0e8c71c995d2c6eecb8208278",
                "sha256:4dbd80e453bd34bd003b16bd802fac70ad76bd463f81f0c518d1245b1c55e3d9",
                "sha256:57b4012e04cc12b78590a334907e01b3a85efb2107df2b8733ff1ed05fce71de",
                "sha256:5a8c863ceacae696aff37d1fd636121f1a512117652e5dfb86031c8d84836369",
                "sha256:5acea83b801e98541619af398cc0109ff48016955cc0818f478ee9ef1c5c3dcb",
                "sha256:642199e98af1bd2b6aeb8ecf726972d238c9877b0f6e8221ee5ab945ec8a2189",
                "sha256:64bd6e1762cd7f0986a740fee4dff927b9ec2c5e4d9a28d056eb17d332158014",
                "sha256:6d9fc9d812c81e6168b6d405bf00b8d6739a7f72ef22a9214c4241e0dc70b323",
                "sha256:7079129b64cb78bdc8d611d1fd7e8002c0a2565da6a47c4df8062349fee90e3e",
                "sha256:7dca87ca328f5ea7dafc907c5ec100d187911f94825f8700caac0b3f4c384b49",
                "sha256:860fd59990c37c3ef913c3ae390b3929d005243acca1a86facb0773e2d8d9e50",
                "sha256:8e6da5cffbbe571f93588f562ed130ea63ee206d12851b60819512dd3e1ba50d",
                "sha256:8ec0636d3f7d68520afc6ac2dc4b8341ddb725039de042faf0e311599f54eb37",
                "sha256:9491100aba630910489c1d0158034e1c9a6546f0b1340f716d522dc103788e39",
                "sha256:97b974d3ba0fb4612b77ed35d7627490e8e3dff56ab41454d9e8b23448940576",
                "sha256:995f9e8181723852ca458e22de5d9b7d3ba4da3f11cc1cb113f093b271d7965a",
                "sha256:9dd47ff0cb2a656ad69c38da850df3454da88ee9a6fde0ba79acceee0e79daba",
                "sha256:9fad446ad0bc886855ddf5909cbf8cb5d0faa637aaa6277fb4b19ade134ab3c7",
                "sha256:a972cec723e0563aa0823ee2ab1df0cb196ed0778f173b381c871a03719d4826",
                "sha256:ac9bea18d6d58a995fac1b2cb4488e17eceeac413af014b1dd26170b766d8467",
                "sha256:b0531f0b0e07643eb089df4c509d30d72c9ef40defa53e41363eca8a8cc61495",
                "sha256:b208cfd4f5fe34e1535c08983a1a6803fdbc7a1e86cf13dd0c61de0b51a0aadc",
                "sha256:b3482cb7b3325faa5f6bc179649406058253d91ceda359c104dac0ad320e1391",
                "sha256:b6fb9c32a91ec32a689ec6410def76443e3c750e7cfc3fb2206b985ffb2b85f0",
                "sha256:b78ea78450fd96a498f50ee096f69c75379af5138f7881a51355ab0e11286c97",
                "sha256:bd249bc894af67cbd8bad2c22e7cbcd46cf87ddfca1f1289d1e7e54868cc785c",
                "sha256:c7d1fd447e33ee20c1f33f2c8e6634211124a9aabde3c617687d8b739aa69eac",
                "sha256:d0bbe7dd86dca64854f4b6ce2ea5c60b51e36dfd597300057cf473d3615f2369",
                "sha256:d6d6a0910c3b4368d89dde073e630882cdb266755565155bc33520283b2d9df8",
                "sha256:da1eeb460ecce8d5b8608826595c777728cdf28ce7b5a5a8c8ac8d949beadcf2",
                "sha256:e0c8854b09bc4de7b041148d8550d3bd712b5c21ff6a8ed308085f190235d7ff",
                "sha256:e0d4142eb40ca6f94539e4db929410f2a46052a0fe7a2c1c59f6179c39938d2a",
                "sha256:e9e82dcb3f2ebbc8cb5ce1102d5f1c5ed236bf8a11730fb45ba82e2841ec21df",
                "sha256:ed6906f61834d687738d25988ae117683705636936cc605be0bb208b23df4d8f"
            ],
            "markers": "python_version >= '3.10'",
            "version": "==2.2.2"
        },
        "ordered-set": {
            "hashes": [
                "sha256:046e1132c71fcf3330438a539928932caf51ddbc582496833e23de611de14562",
                "sha256:694a8e44c87657c59292ede72891eb91d34131f6531463aab3009191c77364a8"
            ],
            "index": "pypi",
            "markers": "python_version >= '3.7'",
            "version": "==4.1.0"
        },
        "pillow": {
            "hashes": [
                "sha256:015c6e863faa4779251436db398ae75051469f7c903b043a48f078e437656f83",
                "sha256:0a2f91f8a8b367e7a57c6e91cd25af510168091fb89ec5146003e424e1558a96",
                "sha256:11633d58b6ee5733bde153a8dafd25e505ea3d32e261accd388827ee987baf65",
                "sha256:2062ffb1d36544d42fcaa277b069c88b01bb7298f4efa06731a7fd6cc290b81a",
                "sha256:31eba6bbdd27dde97b0174ddf0297d7a9c3a507a8a1480e1e60ef914fe23d352",
                "sha256:3362c6ca227e65c54bf71a5f88b3d4565ff1bcbc63ae72c34b07bbb1cc59a43f",
                "sha256:368da70808b36d73b4b390a8ffac11069f8a5c85f29eff1f1b01bcf3ef5b2a20",
                "sha256:36ba10b9cb413e7c7dfa3e189aba252deee0602c86c309799da5a74009ac7a1c",
                "sha256:3764d53e09cdedd91bee65c2527815d315c6b90d7b8b79759cc48d7bf5d4f114",
                "sha256:3a5fe20a7b66e8135d7fd617b13272626a28278d0e578c98720d9ba4b2439d49",
                "sha256:3cdcdb0b896e981678eee140d882b70092dac83ac1cdf6b3a60e2216a73f2b91",
                "sha256:4637b88343166249fe8aa94e7c4a62a180c4b3898283bb5d3d2fd5fe10d8e4e0",
                "sha256:4db853948ce4e718f2fc775b75c37ba2efb6aaea41a1a5fc57f0af59eee774b2",
                "sha256:4dd43a78897793f60766563969442020e90eb7847463eca901e41ba186a7d4a5",
                "sha256:54251ef02a2309b5eec99d151ebf5c9904b77976c8abdcbce7891ed22df53884",
                "sha256:54ce1c9a16a9561b6d6d8cb30089ab1e5eb66918cb47d457bd996ef34182922e",
                "sha256:593c5fd6be85da83656b93ffcccc2312d2d149d251e98588b14fbc288fd8909c",
                "sha256:5bb94705aea800051a743aa4874bb1397d4695fb0583ba5e425ee0328757f196",
                "sha256:67cd427c68926108778a9005f2a04adbd5e67c442ed21d95389fe1d595458756",
                "sha256:70ca5ef3b3b1c4a0812b5c63c57c23b63e53bc38e758b37a951e5bc466449861",
                "sha256:73ddde795ee9b06257dac5ad42fcb07f3b9b813f8c1f7f870f402f4dc54b5269",
                "sha256:758e9d4ef15d3560214cddbc97b8ef3ef86ce04d62ddac17ad39ba87e89bd3b1",
                "sha256:7d33d2fae0e8b170b6a6c57400e077412240f6f5bb2a342cf1ee512a787942bb",
                "sha256:7fdadc077553621911f27ce206ffcbec7d3f8d7b50e0da39f10997e8e2bb7f6a",
                "sha256:8000376f139d4d38d6851eb149b321a52bb8893a88dae8ee7d95840431977081",
                "sha256:837060a8599b8f5d402e97197d4924f05a2e0d68756998345c829c33186217b1",
                "sha256:89dbdb3e6e9594d512780a5a1c42801879628b38e3efc7038094430844e271d8",
                "sha256:8c730dc3a83e5ac137fbc92dfcfe1511ce3b2b5d7578315b63dbbb76f7f51d90",
                "sha256:8e275ee4cb11c262bd108ab2081f750db2a1c0b8c12c1897f27b160c8bd57bbc",
                "sha256:9044b5e4f7083f209c4e35aa5dd54b1dd5b112b108648f5c902ad586d4f945c5",
                "sha256:93a18841d09bcdd774dcdc308e4537e1f867b3dec059c131fde0327899734aa1",
                "sha256:9409c080586d1f683df3f184f20e36fb647f2e0bc3988094d4fd8c9f4eb1b3b3",
                "sha256:96f82000e12f23e4f29346e42702b6ed9a2f2fea34a740dd5ffffcc8c539eb35",
                "sha256:9aa9aeddeed452b2f616ff5507459e7bab436916ccb10961c4a382cd3e03f47f",
                "sha256:9ee85f0696a17dd28fbcfceb59f9510aa71934b483d1f5601d1030c3c8304f3c",
                "sha256:a07dba04c5e22824816b2615ad7a7484432d7f540e6fa86af60d2de57b0fcee2",
                "sha256:a3cd561ded2cf2bbae44d4605837221b987c216cff94f49dfeed63488bb228d2",
                "sha256:a697cd8ba0383bba3d2d3ada02b34ed268cb548b369943cd349007730c92bddf",
                "sha256:a76da0a31da6fcae4210aa94fd779c65c75786bc9af06289cd1c184451ef7a65",
                "sha256:a85b653980faad27e88b141348707ceeef8a1186f75ecc600c395dcac19f385b",
                "sha256:a8d65b38173085f24bc07f8b6c505cbb7418009fa1a1fcb111b1f4961814a442",
                "sha256:aa8dd43daa836b9a8128dbe7d923423e5ad86f50a7a14dc688194b7be5c0dea2",
                "sha256:ab8a209b8485d3db694fa97a896d96dd6533d63c22829043fd9de627060beade",
                "sha256:abc56501c3fd148d60659aae0af6ddc149660469082859fa7b066a298bde9482",
                "sha256:ad5db5781c774ab9a9b2c4302bbf0c1014960a0a7be63278d13ae6fdf88126fe",
                "sha256:ae98e14432d458fc3de11a77ccb3ae65ddce70f730e7c76140653048c71bfcbc",
                "sha256:b20be51b37a75cc54c2c55def3fa2c65bb94ba859dde241cd0a4fd302de5ae0a",
                "sha256:b523466b1a31d0dcef7c5be1f20b942919b62fd6e9a9be199d035509cbefc0ec",
                "sha256:b5d658fbd9f0d6eea113aea286b21d3cd4d3fd978157cbf2447a6035916506d3",
                "sha256:b6123aa4a59d75f06e9dd3dac5bf8bc9aa383121bb3dd9a7a612e05eabc9961a",
                "sha256:bd165131fd51697e22421d0e467997ad31621b74bfc0b75956608cb2906dda07",
                "sha256:bf902d7413c82a1bfa08b06a070876132a5ae6b2388e2712aab3a7cbc02205c6",
                "sha256:c12fc111ef090845de2bb15009372175d76ac99969bdf31e2ce9b42e4b8cd88f",
                "sha256:c1eec9d950b6fe688edee07138993e54ee4ae634c51443cfb7c1e7613322718e",
                "sha256:c640e5a06869c75994624551f45e5506e4256562ead981cce820d5ab39ae2192",
                "sha256:cc1331b6d5a6e144aeb5e626f4375f5b7ae9934ba620c0ac6b3e43d5e683a0f0",
                "sha256:cfd5cd998c2e36a862d0e27b2df63237e67273f2fc78f47445b14e73a810e7e6",
                "sha256:d3d8da4a631471dfaf94c10c85f5277b1f8e42ac42bade1ac67da4b4a7359b73",
                "sha256:d44ff19eea13ae4acdaaab0179fa68c0c6f2f45d66a4d8ec1eda7d6cecbcc15f",
                "sha256:dd0052e9db3474df30433f83a71b9b23bd9e4ef1de13d92df21a52c0303b8ab6",
                "sha256:dd0e081319328928531df7a0e63621caf67652c8464303fd102141b785ef9547",
                "sha256:dda60aa465b861324e65a78c9f5cf0f4bc713e4309f83bc387be158b077963d9",
                "sha256:e06695e0326d05b06833b40b7ef477e475d0b1ba3a6d27da1bb48c23209bf457",
                "sha256:e1abe69aca89514737465752b4bcaf8016de61b3be1397a8fc260ba33321b3a8",
                "sha256:e267b0ed063341f3e60acd25c05200df4193e15a4a5807075cd71225a2386e26",
                "sha256:e5449ca63da169a2e6068dd0e2fcc8d91f9558aba89ff6d02121ca8ab11e79e5",
                "sha256:e63e4e5081de46517099dc30abe418122f54531a6ae2ebc8680bcd7096860eab",
                "sha256:f189805c8be5ca5add39e6f899e6ce2ed824e65fb45f3c28cb2841911da19070",
                "sha256:f7955ecf5609dee9442cbface754f2c6e541d9e6eda87fad7f7a989b0bdb9d71",
                "sha256:f86d3a7a9af5d826744fabf4afd15b9dfef44fe69a98541f666f66fbb8d3fef9",
                "sha256:fbd43429d0d7ed6533b25fc993861b8fd512c42d04514a0dd6337fb3ccf22761"
            ],
            "markers": "python_version >= '3.9'",
            "version": "==11.1.0"
        },
        "pyside6": {
            "hashes": [
                "sha256:23d2a1a77b25459a049c4276b4e0bbfb375b73d3921061b1a16bcfa64e1fe517",
                "sha256:3fcb551729f235475b2abe7d919027de54a65d850e744f60716f890202273720",
                "sha256:92361e41727910e3560ea5ba494fabecc76cd20892c9fcb2ced07619081c4e65",
                "sha256:bfefa80a93db06dc64c0e7beef0377c9b8ca51e007cfc34575defe065af893b6"
            ],
            "index": "pypi",
            "markers": "python_version < '3.14' and python_version >= '3.9'",
            "version": "==6.8.2.1"
        },
        "pyside6-addons": {
            "hashes": [
                "sha256:5558816018042fecd0d782111ced529585a23ea9a010b518f8495764f578a01f",
                "sha256:c761cc45022aa79d8419e671e7fb34a4a3e5b3826f1e68fcb819bd6e3a387fbb",
                "sha256:d904179f16deeca4ba440b4ef78e8d54df2b994b46784ad9d53b741082f3b2a7",
                "sha256:f3d85e676851ada8238bc76ebfacbee738fc0b35b3bc15c9765dd107b8ee6ec4"
            ],
            "markers": "python_version < '3.14' and python_version >= '3.9'",
            "version": "==6.8.2.1"
        },
        "pyside6-essentials": {
            "hashes": [
                "sha256:18de224f09108998d194e60f2fb8a1e86367dd525dd8a6192598e80e6ada649e",
                "sha256:5ab31e5395a4724102edd6e8ff980fa3f7cde2aa79050763a1dcc30bb914195a",
                "sha256:7aed46f91d44399b4c713cf7387f5fb6f0114413fbcdbde493a528fb8e19f6ed",
                "sha256:ae5cc48f7e9a08e73e3ec2387ce245c8150e620b8d5a87548ebd4b8e3aeae49b"
            ],
            "markers": "python_version < '3.14' and python_version >= '3.9'",
            "version": "==6.8.2.1"
        },
        "shiboken6": {
            "hashes": [
                "sha256:1b751d47b759762b7ca31bad278d52eca4105d3028880d93979261ebbfba810c",
                "sha256:8592401423acc693f51dbbfae5e7493cc3ed6738be79daaf90afa07f4da5bb25",
                "sha256:c83e90056f13d0872cc4d2b7bf60b6d6e3b1b172f1f91910c0ba5b641af01758",
                "sha256:d3dedeb3732ecfc920c9f97da769c0022a1c3bda99346a9eba56fbf093deaa75"
            ],
            "markers": "python_version < '3.14' and python_version >= '3.9'",
            "version": "==6.8.2.1"
        }
    },
    "develop": {}
}
