{
    "_meta": {
        "hash": {
            "sha256": "9ffb304719501f4c64521fd950a0c62a8e79fffc3d8e9feb711ebaa9ba7bfd86"
        },
        "pipfile-spec": 6,
        "requires": {
            "python_version": "3.10"
        },
        "sources": [
            {
                "name": "pypi",
                "url": "https://pypi.org/simple",
                "verify_ssl": true
            }
        ]
    },
    "default": {
        "sqlalchemy": {
            "hashes": [
                "sha256:01146546d84185f12721a1d2ce0c6673451a7894d1460b592d378ca4871a0c72",
                "sha256:059d7151fff513c53a4638da8778be7fce81a0c4854c7348ebd0c4078ddf28fe",
                "sha256:0c98c59075b890df8abfcc6ad632879540f5791c68baebacb4f833713b510e75",
                "sha256:0f2fa354ba106eafff2c14b0cc51f22801d1e8b2e4149342023bd6f0955de5f5",
                "sha256:12b04d1db2663b421fe072d638a138460a51d5a862403295671c4f3987fb9148",
                "sha256:22d8798819f86720bc646ab015baff5ea4c971d68121cb36e2ebc2ee43ead2b7",
                "sha256:233088b4b99ebcbc5258c755a097aa52fbf90727a03a5a80781c4b9c54347a2e",
                "sha256:24bd94bb301ec672d8f0623eba9226cc90d775d25a0c92b5f8e4965d7f3a1518",
                "sha256:275424295f4256fd301744b8f335cff367825d270f155d522b30c7bf49903ee7",
                "sha256:32fe6a41ad97302db2931f05bb91abbcc65b5ce4c675cd44b972428dd2947700",
                "sha256:334edbcff10514ad1d66e3a70b339c0a29886394892490119dbb669627b17717",
                "sha256:3bb9ec6436a820a4c006aad1ac351f12de2f2dbdaad171692ee457a02429b672",
                "sha256:3ddcb27fb39171de36e207600116ac9dfd4ae46f86c82a9bf3934043e80ebb88",
                "sha256:42e8804962f9e6f4be2cbaedc0c3718f08f60a16910fa3d86da5a1e3b1bfe60f",
                "sha256:43d044780732d9e0381ac8d5316f95d7f02ef04d6e4ef6dc82379f09795d993f",
                "sha256:46796877b47034b559a593d7e4b549aba151dae73f9e78212a3478161c12ab08",
                "sha256:46d51518d53edfbe0563662c96954dc8fcace9832332b914375f45a99b77cc9a",
                "sha256:47604cb2159f8bbd5a1ab48a714557156320f20871ee64d550d8bf2683d980d3",
                "sha256:4bbccb45260e4ff1b7db0be80a9025bb1e6698bdb808b83fff0000f7a90b2c0b",
                "sha256:4d4e5a0ceba319942fa6b585cf82539288a61e314ef006c1209f734551ab9536",
                "sha256:55250fe61d6ebfd6934a272ee16ef1244e0f16b7af6cd18ab5b1fc9f08631db0",
                "sha256:566df36fd0e901625523a5a1835032f1ebdd7f7886c54584143fa6c668b4df3b",
                "sha256:57ca426a48eb2c682dae8204cd89ea8ab7031e2675120a47924fabc7caacbc2a",
                "sha256:5e61abbec255be7b122aa461021daa7c3f310f3e743411a67079f9b3cc91ece3",
                "sha256:618a308215b6cececb6240b9abde545e3acdabac7ae3e1d4e666896bf5ba44b4",
                "sha256:62557958002b69699bdb7f5137c6714ca1133f045f97b3903964f47db97ea339",
                "sha256:6270d717b11c5476b0cbb21eedc8d4dbb7d1a956fd6c15a23e96f197a6193158",
                "sha256:685e93e9c8f399b0c96a624799820176312f5ceef958c0f88215af4013d29066",
                "sha256:69469ce8ce7a8df4d37620e3163b71238719e1e2e5048d114a1b6ce0fbf8c662",
                "sha256:6eb188b84269f357669b62cb576b5b918de10fb7c728a005fa0ebb0b758adce1",
                "sha256:74ab4ee7794d7ed1b0c37e7333640e0f0a626fc7b398c07a7aef52f484fddde3",
                "sha256:77641d299179c37b89cf2343ca9972c88bb6eef0d5fc504a2f86afd15cd5adf5",
                "sha256:7c821c47ecfe05cc32140dcf8dc6fd5d21971c86dbd56eabfe5ba07a64910c01",
                "sha256:7d6be30b2a75362325176c036d7fb8d19e8846c77e87683ffaa8177b35135613",
                "sha256:7f605a456948c35260e7b2a39f8952a26f077fd25653c37740ed186b90aaa68a",
                "sha256:83101a6930332b87653886c01d1ee7e294b1fe46a07dd9a2d2b4f91bcc88eec0",
                "sha256:88690f4e1f0fbf5339bedbb127e240fec1fd3070e9934c0b7bef83432f779d2f",
                "sha256:8a97ac839c2c6672c4865e48f3cbad7152cee85f4233fb4ca6291d775b9b954a",
                "sha256:8d6efc136f44a7e8bc8088507eaabbb8c2b55b3dbb63fe102c690da0ddebe55e",
                "sha256:8e20e511dc15265fb433571391ba313e10dd8ea7e509d51686a51313b4ac01a2",
                "sha256:951d4a210744813be63019f3df343bf233b7432aadf0db54c75802247330d3af",
                "sha256:9ac7a3e245fd0310fd31495eb61af772e637bdf7d88ee81e7f10a3f271bff014",
                "sha256:9b1c058c171b739e7c330760044803099c7fff11511e3ab3573e5327116a9c33",
                "sha256:9c04bff9a5335eb95c6ecf1c117576a0aa560def274876fd156cfe5510fccc61",
                "sha256:9c4969a86e41454f2858256c39bdfb966a20961e9b58bf8749b65abf447e9a8d",
                "sha256:9e0400fa22f79acc334d9a6b185dc00a44a8e6578aa7e12d0ddcd8434152b187",
                "sha256:a05977bffe9bffd2229f477fa75eabe3192b1b05f408961d1bebff8d1cd4d401",
                "sha256:a143af2ea6672f2af3f44ed8f9cd020e9cc34c56f0e8db12019d5d9ecf41cb3b",
                "sha256:a51d3db74ba489266ef55c7a4534eb0b8db9a326553df481c11e5d7660c8364d",
                "sha256:b95b2f470c1b2683febd2e7eab1d3f0e078c91dbdd0b00e9c645d07a413bb99f",
                "sha256:b9870d15ef00e4d0559ae10ee5bc71b654d1f20076dbe8bc7ed19b4c0625ceba",
                "sha256:c1dc3368794d522f43914e03312202523cc89692f5389c32bea0233924f8d977",
                "sha256:c338ec6ec01c0bc8e735c58b9f5d51e75bacb6ff23296658826d7cfdfdb8678a",
                "sha256:c5070135e1b7409c4161133aa525419b0062088ed77c92b1da95366ec5cbebbe",
                "sha256:cc992c6ed024c8c3c592c5fc9846a03dd68a425674900c70122c77ea16c5fb0b",
                "sha256:d15950a57a210e36dd4cec1aac22787e2a4d57ba9318233e2ef8b2daf9ff2d5f",
                "sha256:d898cc2c76c135ef65517f4ddd7a3512fb41f23087b0650efb3418b8389a3cd1",
                "sha256:d99945830a6f3e9638d89a28ed130b1eb24c91255e4f24366fbe699b983f29e4",
                "sha256:da9b91bca419dc9b9267ffadde24eae9b1a6bffcd09d0a207e5e3af99a03ce0d",
                "sha256:df2d441bacf97022e81ad047e1597552eb3f83ca8a8f1a1fdd43cd7fe3898120",
                "sha256:e06e617e3d4fd9e51d385dfe45b077a41e9d1b033a7702551e3278ac597dc750",
                "sha256:ec44cfa7ef1a728e88ad41674de50f6db8cfdb3e2af84af86e0041aaf02d43d0",
                "sha256:fb37f15714ec2652d574f021d479e78cd4eb9d04396dca36568fdfffb3487982"
            ],
            "index": "pypi",
            "markers": "python_version >= '3.7'",
            "version": "==2.0.49"
        },
        "typing-extensions": {
            "hashes": [
                "sha256:0cea48d173cc12fa28ecabc3b837ea3cf6f38c6d1136f85cbaaf598984861466",
                "sha256:f0fa19c6845758ab08074a0cfa8b7aecb71c999ca73d62883bc25cc018c4e548"
            ],
            "markers": "python_version >= '3.9'",
            "version": "==4.15.0"
        }
    },
    "develop": {}
}
