{
    "_meta": {
        "hash": {
            "sha256": "4b12194ca488dcb86889019163823a52979a626eebe63e07d99be89608b701c6"
        },
        "pipfile-spec": 6,
        "requires": {
            "python_version": "3.13"
        },
        "sources": [
            {
                "name": "pypi",
                "url": "https://pypi.org/simple",
                "verify_ssl": true
            }
        ]
    },
    "default": {
        "sqlglot": {
            "hashes": [
                "sha256:2d6b8def93304fa300f4d20f48e3909e7f436fda56ca1fafd8975f6c561ef62c",
                "sha256:84435ac283a60173da31b5fd7d11a725037a1c3fd6ed1e21fb065de74ddb579f"
            ],
            "index": "pypi",
            "markers": "python_version >= '3.9'",
            "version": "==30.17.0"
        }
    },
    "develop": {}
}
