{
    "_meta": {
        "hash": {
            "sha256": "d2fee54da0cd40584534363184483e375f60aef8095adc7fa7eefd49f6faf262"
        },
        "pipfile-spec": 6,
        "requires": {
            "python_version": "3.13"
        },
        "sources": [
            {
                "name": "pypi",
                "url": "https://pypi.org/simple",
                "verify_ssl": true
            }
        ]
    },
    "default": {
        "ordered-set": {
            "hashes": [
                "sha256:046e1132c71fcf3330438a539928932caf51ddbc582496833e23de611de14562",
                "sha256:694a8e44c87657c59292ede72891eb91d34131f6531463aab3009191c77364a8"
            ],
            "index": "pypi",
            "markers": "python_version >= '3.7'",
            "version": "==4.1.0"
        },
        "sqlglot": {
            "hashes": [
                "sha256:4131c14542a70f24ea2a2e53781ce33a9f2d78cb914e048254b8c88281462e2a",
                "sha256:60c3e4f8462fbcc4627f3090df7dd5d27c4077df89a616f21db4b61583cd9741"
            ],
            "index": "pypi",
            "markers": "python_version >= '3.9'",
            "version": "==27.26.0"
        }
    },
    "develop": {}
}
