{
    "_meta": {
        "hash": {
            "sha256": "7695200291da44ded64df0eb0e4be5de70c6dcd80a6ff097eed45b0af07cd4f4"
        },
        "pipfile-spec": 6,
        "requires": {
            "python_version": "3.10"
        },
        "sources": [
            {
                "name": "pypi",
                "url": "https://pypi.org/simple",
                "verify_ssl": true
            }
        ]
    },
    "default": {
        "ordered-set": {
            "hashes": [
                "sha256:046e1132c71fcf3330438a539928932caf51ddbc582496833e23de611de14562",
                "sha256:694a8e44c87657c59292ede72891eb91d34131f6531463aab3009191c77364a8"
            ],
            "index": "pypi",
            "markers": "python_version >= '3.7'",
            "version": "==4.1.0"
        },
        "sqlglot": {
            "hashes": [
                "sha256:edf8fc6c9a3cc03c64adb6eb4531660acce449f3987af5ce6fd8d3a041468fbb",
                "sha256:fd0062311af3f38f7e419ce241e457a2ab082225b78539d713670e3246e9fc46"
            ],
            "index": "pypi",
            "markers": "python_version >= '3.8'",
            "version": "==26.13.2"
        }
    },
    "develop": {}
}
