{
    "_meta": {
        "hash": {
            "sha256": "0b44575245fcd1b5fd6722f7b3374a64c4087fb09be8c6ba77f9b5b57ffb3c2f"
        },
        "pipfile-spec": 6,
        "requires": {
            "python_version": "3.13"
        },
        "sources": [
            {
                "name": "pypi",
                "url": "https://pypi.org/simple",
                "verify_ssl": true
            }
        ]
    },
    "default": {
        "greenlet": {
            "hashes": [
                "sha256:0ecec963079cd58cbd14723582384f11f166fd58883c15dcbfb342e0bc9b5846",
                "sha256:0ed006e4b86c59de7467eb2601cd1b77b5a7d657d1ee55e30fe30d76451edba4",
                "sha256:0ff251e9a0279522e62f6176412869395a64ddf2b5c5f782ff609a8216a4e662",
                "sha256:1aa4ce8debcd4ea7fb2e150f3036588c41493d1d52c43538924ae1819003f4ce",
                "sha256:1bae92a1dd94c5f9d9493c3a212dd874c202442047cf96446412c862feca83a2",
                "sha256:1eb67d5adefb5bd2e182d42678a328979a209e4e82eb93575708185d31d1f588",
                "sha256:2094acd54b272cb6eae8c03dd87b3fa1820a4cef18d6889c378d503500a1dc13",
                "sha256:2628d6c86f6cb0cb45e0c3c54058bbec559f57eaae699447748cb3928150577e",
                "sha256:29ea813b2e1f45fa9649a17853b2b5465c4072fbcb072e5af6cd3a288216574a",
                "sha256:362624e6a8e5bca3b8233e45eef33903a100e9539a2b995c364d595dbc4018b3",
                "sha256:3a717fbc46d8a354fa675f7c1e813485b6ba3885f9bef0cd56e5ba27d758ff5b",
                "sha256:3bc59be3945ae9750b9e7d45067d01ae3fe90ea5f9ade99239dabdd6e28a5033",
                "sha256:3ec9ea74e7268ace7f9aab1b1a4e730193fc661b39a993cd91c606c32d4a3628",
                "sha256:41353ec2ecedf7aa8f682753a41919f8718031a6edac46b8d3dc7ed9e1ceb136",
                "sha256:47422135b1d308c14b2c6e758beedb1acd33bb91679f5670edf77bf46244722b",
                "sha256:4964101b8585c144cbda5532b1aa644255126c08a265dae90c16e7a0e63aaa9d",
                "sha256:4a448128607be0de65342dc9b31be7f948ef4cc0bc8832069350abefd310a8f2",
                "sha256:4b28037cb07768933c54d81bfe47a85f9f402f57d7d69743b991a713b63954eb",
                "sha256:4d0eadc7e4d9ffb2af4247b606cae307be8e448911e5a0d0b16d72fc3d224cfd",
                "sha256:54d243512da35485fc7a6bf3c178fdda6327a9d6506fcdd62b1abd1e41b2927b",
                "sha256:55fa7ea52771be44af0de27d8b80c02cd18c2c3cddde6c847ecebdf72418b6a1",
                "sha256:57a43c6079a89713522bc4bcb9f75070ecf5d3dbad7792bfe42239362cbf2a16",
                "sha256:58c1c374fe2b3d852f9b6b11a7dff4c85404e51b9a596fd9e89cf904eb09866d",
                "sha256:5a5ed18de6a0f6cc7087f1563f6bd93fc7df1c19165ca01e9bde5a5dc281d106",
                "sha256:5e05ba267789ea87b5a155cf0e810b1ab88bf18e9e8740813945ceb8ee4350ba",
                "sha256:5ecd83806b0f4c2f53b1018e0005cd82269ea01d42befc0368730028d850ed1c",
                "sha256:64d6ac45f7271f48e45f67c95b54ef73534c52ec041fcda8edf520c6d811f4bc",
                "sha256:680bd0e7ad5e8daa8a4aa89f68fd6adc834b8a8036dc256533f7e08f4a4b01f7",
                "sha256:6c18dfb59c70f5a94acd271c72e90128c3c776e41e5f07767908c8c1b74ad339",
                "sha256:6d874e79afd41a96e11ff4c5d0bc90a80973e476fda1c2c64985667397df432b",
                "sha256:7022615368890680e67b9965d33f5773aade330d5343bbe25560135aaa849eae",
                "sha256:703cb211b820dbffbbc55a16bfc6e4583a6e6e990f33a119d2cc8b83211119c8",
                "sha256:728a73687e39ae9ca34e4694cbf2f049d3fbc7174639468d0f67200a97d8f9e2",
                "sha256:728d9667d8f2f586644b748dbd9bb67e50d6a9381767d1357714ea6825bb3bf5",
                "sha256:762612baf1161ccb8437c0161c668a688223cba28e1bf038f4eb47b13e39ccdf",
                "sha256:7fc391b1566f2907d17aaebe78f8855dc45675159a775fcf9e61f8ee0078e87f",
                "sha256:804a70b328e706b785c6ef16187051c394a63dd1a906d89be24b6ad77759f13f",
                "sha256:83ed9f27f1680b50e89f40f6df348a290ea234b249a4003d366663a12eab94f2",
                "sha256:884f649de075b84739713d41dd4dfd41e2b910bfb769c4a3ea02ec1da52cd9bb",
                "sha256:8f1cc966c126639cd152fdaa52624d2655f492faa79e013fea161de3e6dda082",
                "sha256:8f52a464e4ed91780bdfbbdd2b97197f3accaa629b98c200f4dffada759f3ae7",
                "sha256:9c615f869163e14bb1ced20322d8038fb680b08236521ac3f30cd4c1288785a0",
                "sha256:9d280a7f5c331622c69f97eb167f33577ff2d1df282c41cd15907fc0a3ca198c",
                "sha256:a10a732421ab4fec934783ce3e54763470d0181db6e3468f9103a275c3ed1853",
                "sha256:a96fcee45e03fe30a62669fd16ab5c9d3c172660d3085605cb1e2d1280d3c988",
                "sha256:a97e4821aa710603f94de0da25f25096454d78ffdace5dc77f3a006bc01abba3",
                "sha256:ba8f0bdc2fae6ce915dfd0c16d2d00bca7e4247c1eae4416e06430e522137858",
                "sha256:bf2d8a80bec89ab46221ae45c5373d5ba0bd36c19aa8508e85c6cd7e5106cd37",
                "sha256:cda05425526240807408156b6960a17a79a0c760b813573b67027823be760977",
                "sha256:d419647372241bc68e957bf38d5c1f98852155e4146bd1e4121adea81f4f01e4",
                "sha256:d4d9f0624c775f2dfc56ba54d515a8c771044346852a918b405914f6b19d7fd8",
                "sha256:d60097128cb0a1cab9ea541186ea13cd7b847b8449a7787c2e2350da0cb82d86",
                "sha256:db2910d3c809444e0a20147361f343fe2798e106af8d9d8506f5305302655a9f",
                "sha256:ddb36c7d6c9c0a65f18c7258634e0c416c6ab59caac8c987b96f80c2ebda0112",
                "sha256:ddc090c5c1792b10246a78e8c2163ebbe04cf877f9d785c230a7b27b39ad038e",
                "sha256:e5ddf316ced87539144621453c3aef229575825fe60c604e62bedc4003f372b2",
                "sha256:f35807464c4c58c55f0d31dfa83c541a5615d825c2fe3d2b95360cf7c4e3c0a8",
                "sha256:f8c30c2225f40dd76c50790f0eb3b5c7c18431efb299e2782083e1981feed243",
                "sha256:fa94cb2288681e3a11645958f1871d48ee9211bd2f66628fdace505927d6e564"
            ],
            "markers": "python_version >= '3.10'",
            "version": "==3.5.0"
        },
        "sqlalchemy": {
            "hashes": [
                "sha256:01146546d84185f12721a1d2ce0c6673451a7894d1460b592d378ca4871a0c72",
                "sha256:059d7151fff513c53a4638da8778be7fce81a0c4854c7348ebd0c4078ddf28fe",
                "sha256:0c98c59075b890df8abfcc6ad632879540f5791c68baebacb4f833713b510e75",
                "sha256:0f2fa354ba106eafff2c14b0cc51f22801d1e8b2e4149342023bd6f0955de5f5",
                "sha256:12b04d1db2663b421fe072d638a138460a51d5a862403295671c4f3987fb9148",
                "sha256:22d8798819f86720bc646ab015baff5ea4c971d68121cb36e2ebc2ee43ead2b7",
                "sha256:233088b4b99ebcbc5258c755a097aa52fbf90727a03a5a80781c4b9c54347a2e",
                "sha256:24bd94bb301ec672d8f0623eba9226cc90d775d25a0c92b5f8e4965d7f3a1518",
                "sha256:275424295f4256fd301744b8f335cff367825d270f155d522b30c7bf49903ee7",
                "sha256:32fe6a41ad97302db2931f05bb91abbcc65b5ce4c675cd44b972428dd2947700",
                "sha256:334edbcff10514ad1d66e3a70b339c0a29886394892490119dbb669627b17717",
                "sha256:3bb9ec6436a820a4c006aad1ac351f12de2f2dbdaad171692ee457a02429b672",
                "sha256:3ddcb27fb39171de36e207600116ac9dfd4ae46f86c82a9bf3934043e80ebb88",
                "sha256:42e8804962f9e6f4be2cbaedc0c3718f08f60a16910fa3d86da5a1e3b1bfe60f",
                "sha256:43d044780732d9e0381ac8d5316f95d7f02ef04d6e4ef6dc82379f09795d993f",
                "sha256:46796877b47034b559a593d7e4b549aba151dae73f9e78212a3478161c12ab08",
                "sha256:46d51518d53edfbe0563662c96954dc8fcace9832332b914375f45a99b77cc9a",
                "sha256:47604cb2159f8bbd5a1ab48a714557156320f20871ee64d550d8bf2683d980d3",
                "sha256:4bbccb45260e4ff1b7db0be80a9025bb1e6698bdb808b83fff0000f7a90b2c0b",
                "sha256:4d4e5a0ceba319942fa6b585cf82539288a61e314ef006c1209f734551ab9536",
                "sha256:55250fe61d6ebfd6934a272ee16ef1244e0f16b7af6cd18ab5b1fc9f08631db0",
                "sha256:566df36fd0e901625523a5a1835032f1ebdd7f7886c54584143fa6c668b4df3b",
                "sha256:57ca426a48eb2c682dae8204cd89ea8ab7031e2675120a47924fabc7caacbc2a",
                "sha256:5e61abbec255be7b122aa461021daa7c3f310f3e743411a67079f9b3cc91ece3",
                "sha256:618a308215b6cececb6240b9abde545e3acdabac7ae3e1d4e666896bf5ba44b4",
                "sha256:62557958002b69699bdb7f5137c6714ca1133f045f97b3903964f47db97ea339",
                "sha256:6270d717b11c5476b0cbb21eedc8d4dbb7d1a956fd6c15a23e96f197a6193158",
                "sha256:685e93e9c8f399b0c96a624799820176312f5ceef958c0f88215af4013d29066",
                "sha256:69469ce8ce7a8df4d37620e3163b71238719e1e2e5048d114a1b6ce0fbf8c662",
                "sha256:6eb188b84269f357669b62cb576b5b918de10fb7c728a005fa0ebb0b758adce1",
                "sha256:74ab4ee7794d7ed1b0c37e7333640e0f0a626fc7b398c07a7aef52f484fddde3",
                "sha256:77641d299179c37b89cf2343ca9972c88bb6eef0d5fc504a2f86afd15cd5adf5",
                "sha256:7c821c47ecfe05cc32140dcf8dc6fd5d21971c86dbd56eabfe5ba07a64910c01",
                "sha256:7d6be30b2a75362325176c036d7fb8d19e8846c77e87683ffaa8177b35135613",
                "sha256:7f605a456948c35260e7b2a39f8952a26f077fd25653c37740ed186b90aaa68a",
                "sha256:83101a6930332b87653886c01d1ee7e294b1fe46a07dd9a2d2b4f91bcc88eec0",
                "sha256:88690f4e1f0fbf5339bedbb127e240fec1fd3070e9934c0b7bef83432f779d2f",
                "sha256:8a97ac839c2c6672c4865e48f3cbad7152cee85f4233fb4ca6291d775b9b954a",
                "sha256:8d6efc136f44a7e8bc8088507eaabbb8c2b55b3dbb63fe102c690da0ddebe55e",
                "sha256:8e20e511dc15265fb433571391ba313e10dd8ea7e509d51686a51313b4ac01a2",
                "sha256:951d4a210744813be63019f3df343bf233b7432aadf0db54c75802247330d3af",
                "sha256:9ac7a3e245fd0310fd31495eb61af772e637bdf7d88ee81e7f10a3f271bff014",
                "sha256:9b1c058c171b739e7c330760044803099c7fff11511e3ab3573e5327116a9c33",
                "sha256:9c04bff9a5335eb95c6ecf1c117576a0aa560def274876fd156cfe5510fccc61",
                "sha256:9c4969a86e41454f2858256c39bdfb966a20961e9b58bf8749b65abf447e9a8d",
                "sha256:9e0400fa22f79acc334d9a6b185dc00a44a8e6578aa7e12d0ddcd8434152b187",
                "sha256:a05977bffe9bffd2229f477fa75eabe3192b1b05f408961d1bebff8d1cd4d401",
                "sha256:a143af2ea6672f2af3f44ed8f9cd020e9cc34c56f0e8db12019d5d9ecf41cb3b",
                "sha256:a51d3db74ba489266ef55c7a4534eb0b8db9a326553df481c11e5d7660c8364d",
                "sha256:b95b2f470c1b2683febd2e7eab1d3f0e078c91dbdd0b00e9c645d07a413bb99f",
                "sha256:b9870d15ef00e4d0559ae10ee5bc71b654d1f20076dbe8bc7ed19b4c0625ceba",
                "sha256:c1dc3368794d522f43914e03312202523cc89692f5389c32bea0233924f8d977",
                "sha256:c338ec6ec01c0bc8e735c58b9f5d51e75bacb6ff23296658826d7cfdfdb8678a",
                "sha256:c5070135e1b7409c4161133aa525419b0062088ed77c92b1da95366ec5cbebbe",
                "sha256:cc992c6ed024c8c3c592c5fc9846a03dd68a425674900c70122c77ea16c5fb0b",
                "sha256:d15950a57a210e36dd4cec1aac22787e2a4d57ba9318233e2ef8b2daf9ff2d5f",
                "sha256:d898cc2c76c135ef65517f4ddd7a3512fb41f23087b0650efb3418b8389a3cd1",
                "sha256:d99945830a6f3e9638d89a28ed130b1eb24c91255e4f24366fbe699b983f29e4",
                "sha256:da9b91bca419dc9b9267ffadde24eae9b1a6bffcd09d0a207e5e3af99a03ce0d",
                "sha256:df2d441bacf97022e81ad047e1597552eb3f83ca8a8f1a1fdd43cd7fe3898120",
                "sha256:e06e617e3d4fd9e51d385dfe45b077a41e9d1b033a7702551e3278ac597dc750",
                "sha256:ec44cfa7ef1a728e88ad41674de50f6db8cfdb3e2af84af86e0041aaf02d43d0",
                "sha256:fb37f15714ec2652d574f021d479e78cd4eb9d04396dca36568fdfffb3487982"
            ],
            "index": "pypi",
            "markers": "python_version >= '3.7'",
            "version": "==2.0.49"
        },
        "typing-extensions": {
            "hashes": [
                "sha256:0cea48d173cc12fa28ecabc3b837ea3cf6f38c6d1136f85cbaaf598984861466",
                "sha256:f0fa19c6845758ab08074a0cfa8b7aecb71c999ca73d62883bc25cc018c4e548"
            ],
            "markers": "python_version >= '3.9'",
            "version": "==4.15.0"
        }
    },
    "develop": {}
}
