{
    "_meta": {
        "hash": {
            "sha256": "b2712faa32689cf2ecb0f62e23dedcb8eb00030be085d17d3e8decabd3120836"
        },
        "pipfile-spec": 6,
        "requires": {
            "python_version": "3.11"
        },
        "sources": [
            {
                "name": "pypi",
                "url": "https://pypi.org/simple",
                "verify_ssl": true
            }
        ]
    },
    "default": {
        "cffi": {
            "hashes": [
                "sha256:046bfc24911b37851ee1b51aab8bffe713d89c68c6a057b09484ce9fd5f69b4e",
                "sha256:06c72bb76605a4b0cd0aad6930b69d4baf7dd5d806cfc409b824191099700e66",
                "sha256:0beceaabe56af686895136a2de78db54ecd8e4046b236b8fd6d6cb61389e9bf2",
                "sha256:154852545011f779917b11c78db2358d095da62a9a172b78ad0a583ee5adc0d0",
                "sha256:194cffa889098ced9976c3fc6340305e43f6303657d298da55366907c05c22d6",
                "sha256:19ee6127ee34de7d83ce3d371ebc5ed91addbdcc39f9ab15ce4eb35a4e534971",
                "sha256:1a18a57b58cfb21fc28d72e876acf10eaed67a1ed96226f92af4df681d571c4c",
                "sha256:1aa5645c30469b09530c4ebca77ebf8f17618293c58f8549cb1a543a50236e7d",
                "sha256:1dea0e4d7d4f11f619fe8c1d76caf49e24405b4b5743c0e3be16a500ecd930c9",
                "sha256:208f941bb9d18e768138677f0a6d2ce01f590df56043dda1df1535ac57c88517",
                "sha256:210019b6c7cf07f081b4c54635c8cf744377001350e29cc0f81c4377b4797735",
                "sha256:246fa40ce8645a614ff682e0b70f37134e460eaf93a775e0cbe3cca585a67a80",
                "sha256:25792eac27877609e7bb06d42ff88278a6624fff2ba9bbb523c09616b117e80f",
                "sha256:27350daa11d4f10c540e6e89dada4c54feb7256ad03e9a4dc075ebad7ba360d1",
                "sha256:28907ab9bfb6aa13184cfc17c6b8e1023c5ab6fd7076d8c20a35e59fe04f8f29",
                "sha256:2ae64be792b8966f2c69538199728b290e34726562896df1e5dc8ffd8d8188e8",
                "sha256:31348097ff5bbe827ccc41795d4dd099d9f0625e7def00ee653c137a490c2a6c",
                "sha256:3143d81e29e1e20a9ce10901ec369012947876596f75a222235965f2b7ae832e",
                "sha256:3222ba5d678f80a030e6afbcc33dc1ae5cb45facabb61cee2c7016b8432fde48",
                "sha256:3311ed60d36f83378794e1009ac6258bafbf81f7888b4caa7b35a521e3f95813",
                "sha256:334644fbac4eff73d985a17a91226df55d0f394160c4cfb880e084c8f7161cac",
                "sha256:34e261f78cb6ceaaa36f42f2613f4380d94d9c759a9c73c769ee6e0247364632",
                "sha256:363e05fa78e15116c3c32c210ee36884fd6b9afa6d440e47112c3bd511d64cb6",
                "sha256:398aff33cee2767e3e781d2554c54bd0dff386bb437581e0d8011fde1a942ec1",
                "sha256:3d22a20b1fb1632cc72c22f95f7b0d2961c3e1c235f245ba4c606c4771035659",
                "sha256:42a494cee34437f05546455144f2b5d9ac09b1face62bcfce597d2e521066688",
                "sha256:42e2f76b9455f5a9a844f770bf3e200ed3da0e15f5df3db9c31fe80b04b3d004",
                "sha256:42f6930c31dc7f50732c9ae793c2786c7b6b044195967bbdde40bb9be81c4cc0",
                "sha256:456a61fa52d579ebf9df2e9552ead5129855dbaff6c1e5a9b1bc408809bdc062",
                "sha256:471cee653ae88de62096552e6d24ccb4a5adb8c8c9f10b5054d0122c15bf2779",
                "sha256:49cbc70e6542d4ccccb936558d1064a8012541e78f821f955cff24e357776c94",
                "sha256:4a7c934f7360e8cd64fe9efadcbd10c7c6364f531e432b9a4bf5ccbc9e0e8b50",
                "sha256:4be96343e422f2dfcd12ab5c9f5aebe03f82f737c6bffeca6830b3875cb44aab",
                "sha256:4f42141fc14250de6dde5ee7ea4432be017252d91f19c5ad043c084cea629cac",
                "sha256:507a24c282e0f42f8ed737cf048572cbf580468da5555764a8331735e9c736b6",
                "sha256:51b31d1c98274844cfd7838ce00bfc27c7423a4dc00fc0772fc3331c2cc90676",
                "sha256:58acb8ab8e295e6c5ea12f888cbb13cf21511ef2a3303a23f4325c29d17fe5c1",
                "sha256:5a59cc1c4442bc3d5c703bf720b51138d0bfc173618807c9ee2490a7541dd3d9",
                "sha256:5bb4e7ea95dcd6a014a6fef62e62467d67d8e582326443f3d68e71d6320a9fcf",
                "sha256:5c58fe613dc5e5336357eff555824a314d8e43282600435c8d1cb6a7a2fedd13",
                "sha256:5e7cecbaadb83884793e05828cee59b210b24583b9c7425d0ba6a754fe22eb4e",
                "sha256:616f097f2fe415bc92a247f02e11f634e1f9e9a83d327e3c915c15089c87869e",
                "sha256:63bbfd5ded17c4840ac07cd8f1c21ba9d9708141f840b324f422f41b207e3973",
                "sha256:64faea20f4e2613363a1a9b9c7dd73058f3ecd00133a511e72ad7c511658f527",
                "sha256:661c298b4821edebead0c91edd2b00374d67ad7c5a1f7a91d4442633b79d6a72",
                "sha256:68e62fe11f30d5ca8289242866f0a5291402d8529ca2178ab8afc5c9694ae890",
                "sha256:6a8dddef476fab96d066d578fc88526767b836ab5ab21754e1d5bf3879c31c7c",
                "sha256:6e192623c49c94421616a5778fba35cf0d5a8d000650c1967ef4448ee5cdd990",
                "sha256:7225e4514edb64eb6740324353e0da0711954fd8d7da4576755b1c6e09b697cd",
                "sha256:75f80557d1389eddbd0de2681f6a390a0c5338c31ddaa821381c203fc3fd50d9",
                "sha256:770de9db11e84213beec501cfcaa013b019820ca881e03344dea5844f7876d94",
                "sha256:7750c6449dff7864bb9bb27ddfb0267756189201a3afc911d82b3caacd70dfc3",
                "sha256:7bde5e4cc5c10140859842b9d383af292b22639a4dffb725314baf45968cef80",
                "sha256:7ce713ace7c0e4520535b42b77eaa742c16dab813978064913e5a3cf82973b41",
                "sha256:7da0c5eff80f0197f3b3d1232ec5a682a9325f4ae9016a78f5f5ca35f9ced1f5",
                "sha256:7dbb61fe3a7699468030f71bbe5f8a0e326a151daa91beb11a6fc1f980c55e1c",
                "sha256:811bd1e21d32de12efca32393a0ab3f5133b54fce9bd44b8bd77ab07da14bf6a",
                "sha256:8ef53b2de9bcb9197d31854256575d59dbac0cba72ac627bb291ef5eceb74be4",
                "sha256:937c0052c05a31ca1daf18de3158eed4dbfcb9cc107adbea227728d647be701e",
                "sha256:9d2055050ea716bd38b7f7f1579c275386646b4894c155a3e2f3cd62ed41b7c6",
                "sha256:9f8d177621de5cb38ee3e731eda45d421db093ec0739f46a5594babda7987a98",
                "sha256:a2d7755bef5a12ed488f4ef1f1b69ee9191d7396083b755a5d2295f6edb4768b",
                "sha256:a48d62ab9d6f4f98c983223a547af44be6ca3691074c31cecced6facd3ba2dc1",
                "sha256:a4f00aa42f75d6e4595e8866e748cc1705adc0cddfeb2ca86d0d03993d63ba03",
                "sha256:a6e721d4b0e45d5b65e87534470e67b18dcd092c83f68fba09f152b9cbc061af",
                "sha256:a730a083190634c65cca36ba5f489531576ebd79bcd5c8e172130f6453127231",
                "sha256:a931079504ecc49efed7744c476a5c343a92fabf66dec2db95edb1b2fdc770e2",
                "sha256:aa9511c62d14da7aacc9b4bf51f3f697a621e83b2d6919008243c3aad168eea3",
                "sha256:ab36d55f9ed2d067327667c2fea18dda018eb628dd6347aa01dda6cf1f5d3836",
                "sha256:ad2c86c495b899d862ea0f4b42891b8713a3bd45dd4105c7fd51c2a72f39f3a5",
                "sha256:aeae0e330c9f6acd681f647d46cefd30c29f93e3392882e792e82080c9691399",
                "sha256:b0431303acaea1089ad4b3e9ce4e6518193def1118d4073ca848635ee4ea2e96",
                "sha256:b5bdfd1c873d4e093aabc0ca84c4ca6dbc4f752afb5c86f146d9742580c9da2e",
                "sha256:baed1e86cc735622097354b9d1281406caf42ff42a886d29faa8e8d1630333be",
                "sha256:c1453022f490d2459a11819d83ad1d586e9ff65a12ac3e705ffebd46d3685dcf",
                "sha256:c26608d2222fb1e94487e4a387d85f13eb55d5ed725cb25a0c589ac4ee60e7bc",
                "sha256:c7659f22557c5a0bc4855cd635f55edec690cc008a40768527762cb9fb263455",
                "sha256:c8c69575568085ba0b1b10c0249d779a214aea6f6522e949a0fc9fb0fcb449d0",
                "sha256:c8d2c9fd1f2d16f780d15127abb050d13d1a76c03a4bd87d7e4980e45e511e12",
                "sha256:ca82be1a1d406ecfe1d25dc16cb33488e5a16bf4438c9fb590484ea29d92478b",
                "sha256:cc572dace3f60ef98d7b12ff411d20f5362feb31a0439eab0085bbfd349982d7",
                "sha256:d18e5ac0f2f03f4f518d3e23db0f0cad7faa1da8620e9c09461d443bbf6e6692",
                "sha256:d28630f5854ab07ab1fd4aba756de52326c82e6be15d414b12793f1975048b54",
                "sha256:d9c275eaacd24aa73f94ffd6de08fc3f932424d8b6c376f4bed7cde376fe7bc3",
                "sha256:da0e573f9f97159390c89d9f1a9e41908b66d408cc5b58d08cf3847d844c531b",
                "sha256:dd31f52ea1086513bb9df30f8fcee9b8918323ae067a3d5b78bc826a000712be",
                "sha256:dddad92b554513a31f272570678ba307fb9f618f05e3d4a5eacafff9eae03e1d",
                "sha256:df423d40ee8654634421812bc3b196da3f9bd7d32929da813f8394c4348a5358",
                "sha256:df913725b79db7bcf03448f36b7bf8815363417d5b58deecf9305e3e30f0f21a",
                "sha256:e0bcb7e0f677f543555d2adff3bf19c05f66cdb4796e5ff602442ab2fe3c4ef7",
                "sha256:e2d65b31f36619cda3999b78b2aa9632e76b78448e7a56fc4240824200e7c4fc",
                "sha256:e6e8cff14d6fb0be70a09c0bdc58096f501952d04624ebf867e0e56da2df8960",
                "sha256:f16c709686a78c727bbbf059f92b0bf41c6fc60deec706d2dc19f529175a6125",
                "sha256:f24fb43132a4c6b4cb4eb029492919b2db645be6808d738f244fd146c03c32cb",
                "sha256:f53e442b08449d42821fa4a4fba000095af9f62742a500f978a9f557ec44339a",
                "sha256:f5cfbc5fe74540d335175b656c725d74d90e3730c626d92575eea35029d9afaa",
                "sha256:f81b3b8f3d4e343550fa4baa0e479bba9f2d29ce9c2e9b51d1ce1718d7442fcf",
                "sha256:f8ec5e643a9a937f64e1999eb9f75d072263751912dc5cd06d3c85f8f44be7c3",
                "sha256:fb92203a88b3d3053034db775110081c49d28be6551923805e039924093761e4",
                "sha256:fcd22650c908d7b7da162bbfaab594a1227a15d1643a98c68b122ac642fa2264"
            ],
            "markers": "python_version >= '3.10'",
            "version": "==2.1.1"
        },
        "numpy": {
            "hashes": [
                "sha256:001fbb8e08d942dd57599e781f2472269ee7f2755fae407b4f67b2f0b17da3f1",
                "sha256:0280e0356c0829a18d9de1cb7eee50ec22ca639878d7240307ca0943d73cd2c4",
                "sha256:043191bfa8eab18c776647b62723ac9dddece59743b13f49b2016094129c2b3f",
                "sha256:06ca2f61ec4385a07a6977c55ba998a4466c123642b4a32694d3128fce18c079",
                "sha256:0a041d3d761dc3c35cc56ce0351506a02bcbc25f7b169f652435141a17db9096",
                "sha256:0ab0a9c4ffb1a6d95ef519fe4247dba8eb6b18ad93999f76b7f657039acabd47",
                "sha256:0c9136e14ed34a9e343a31c533d78a9813a69a3148332bce5e9821cb2f996e66",
                "sha256:110f8b71aacb688ec69062bb7f6938a0f8acb01b7c1c4beb453c65b6d234584d",
                "sha256:112b06a867b235ef466ed3508ddf0238050df9c727cafb5301ac385b899189a1",
                "sha256:17f9ade344e7d9b464a084d69bcf18fc691cb1db67c62ed80820bf4926d78f0e",
                "sha256:1e254a00cdf42b1e4d5b3d68d33af63268d41340d8885df2ab6470f2e1500147",
                "sha256:1e978ec1e8bd0e0e4de6bb75de9d30cbb74db6b6a2bb727618613703ca0167dd",
                "sha256:25c692919ac5a01f170a3bfcd62d745b24fd095c353d50812637d6fcab442e75",
                "sha256:260a5d70215b61ab4fadf5c7baacd64821842975eea312125ed3c39a6391b063",
                "sha256:2803abfebfc990042cd494d8ce2d5f82e9d847af6d35ec486923aa19dbad5e73",
                "sha256:29a287e0cf63ff528da061de6b9f64a4618da591ca1046aafc54062e40ca7eab",
                "sha256:29cb7f67d10b479ff07c17d33e39f78c07f71c40ef30d63c153d340e96cd3fb4",
                "sha256:3213d622a0283a39a93d188f3cf72b26862df52fbb4ca3697f51705016523d41",
                "sha256:33111801a01c12a8a1e3721f0a9232f8cfc8ae2c6b7098167e6f623c6073f402",
                "sha256:357cc07a6d7b0b182ff02249616a03742827ebb1277546b5c7cd7f7620a45698",
                "sha256:38efbc8de75c7a0fc1ac190162d892787f3f47b57cc291231aafee36b80982b7",
                "sha256:4081eb135ac24158bd51cdfbef16f1c64df7063b1143f24731387137c092bec8",
                "sha256:40fdc1ae7125e518ea98e53e69a4ebc27e1fd50510c47b7ea130cf21e5e1d42b",
                "sha256:4cfe66903cc32a9921a6733d96b19bb6abf310397581bbad89c228f5abaf0ee8",
                "sha256:511dbaf848decaaaf4b4ca48032619fb3138710c4bf7da7617765edad1ef96b0",
                "sha256:55cced7c52e981362f708ad635198e97a752dfba412cc03c23bbf3bd8d5cd662",
                "sha256:56b39e5e0622a09a25bf5baf62f4bcf0cb8a41ae6e2819cf49bbc5a74c083f91",
                "sha256:5dbbdb29840ca3d91ee0fece42fc29278886d908280bfec0a5846c6f901a3eb0",
                "sha256:5f9fb9157b4ce2971008323afe46053787b526ef624fea915b261468a8421a0f",
                "sha256:6180d8b35af935aed8ece3a85e0a43f87393ae0ac87c8d2c8bd2c993f7270ef3",
                "sha256:68a5124b13fa6cc2086764a20005d30bc0548146f7f5322f02fce212ca14317f",
                "sha256:68bb27509ac1b9a3443094260f6326150663b06abe40b73a2f81160623da5b67",
                "sha256:6f41ae150c4e32db4f3310cdaf64b1593a03dbabe29eec77fc9b50fe64061df6",
                "sha256:7265a2f3d436e54ef9f2b52b5c937e6be778781bd97a590319d7348f1c1ca997",
                "sha256:72fbe16c6fac95aedf5937fa873445cec2110be35d8a4e9433d7501fd98dae6b",
                "sha256:7d92c3819208a60205a12a245c91ad70cb0a85336659b19b834205573ac8456e",
                "sha256:8155154c7c691289fe18f510b5d4657c68c67989f293f0535a91360392ff6538",
                "sha256:81a1cca95ed5bb92aa8b10dd2cdc9a0d3853a50fad926c28b5d7e8ea54389627",
                "sha256:89cd468399cfd2504718f0ba50e410dca55a170b61a02ad92bb18c8a65186e93",
                "sha256:8ad03c0965fb3c692200e74d458ca28c1dbb4ce96f9a479a8aa041ad5fabca02",
                "sha256:90f9849678c75fe7afa2d348ac842c168b0a4d3d61919687216dfc547976d853",
                "sha256:948424b06129ce883307e8cff868c31396d8dc7630a59c61d70d98dbe70f222c",
                "sha256:9cd5ffd25db4e7ba6a375693b3fc0fc1791ec636c17db3720da19bde7180ec43",
                "sha256:a0df0043bdb289bde1f62da130d20df23d58b45429f752bc7a8fc5325a225ecd",
                "sha256:a2c306dea656c12c68f51f4cea133cbe78ca7435eb28c735eac1d3ebe73be6e8",
                "sha256:a7830bab239b79cda9c08c2da014761cafb48da6150e1da17ac06283f43b6089",
                "sha256:a7c711e21628b52034bb5ab8d1bce291f752fcc5e92accc615778acee1ff4778",
                "sha256:aaf159caa35993cb1f56fb9b8e4610d35758e7ca005412eb1daa856a78c9c4b1",
                "sha256:ae506e6902902557576a26ff33eda8695e7ecb3cb36c3b573a0765dee114ebdb",
                "sha256:b507f5c4c1d508876d1819b6bf9a49d365b96320b5d4993426b33a23ca4b8261",
                "sha256:bf162abab1c1a736333192707cef898e735a5ca00f38f27eeedf44b39d9e85eb",
                "sha256:c1a2af6c6ef86344a6b0db6b97834208bf598db514f2b155042439b62605601a",
                "sha256:c2d37ab77531417474168eb79d6d80b14f821a966818505d03013d0833edb7a8",
                "sha256:c4fc99836233ea196540b17ab0983aff60ed07941751930f5f4d05bc3b3b7359",
                "sha256:d581b735e177fdcdce6fed8e7e8880a3fb6ee4e3653a3ac6af01c6f4c03effc5",
                "sha256:d6da64deb6b8ed903e7560180a92f2d804ee1ba5eeb849ac2748b8c1aba1f6d7",
                "sha256:d8e8286dd7cea7895157318d1b91cdacac64c479f3cbc8dce548331728484751",
                "sha256:ddea102b48f9e339f3948bf22040944184627a30fdf7f858667673b9c5f033c8",
                "sha256:dfa20cc6ca228e6b155b11da03825975ce66aea520985dbbddf0f2a5a495c605",
                "sha256:e3e5193ef5a3dc73bceee50f7fdc2c90dbb76c42df8d8fae3d1067a583df579e",
                "sha256:e3eeb0aabd6bd5ce64faae67e9935203a6991b4bc2a485a767fbafb2c5125f45",
                "sha256:e5805d5a22fd19c8ccff10a9561f9df94436b0545619ea579db2d3c35294bce2",
                "sha256:e85b752a1e912b70eaad4fafbd4d1238007ab221de2009b9a2f5ae7461239895",
                "sha256:eaf7fa2de5c0be8ae6ff8e9bea2ccd725e980541244521d8d4b5f3354a27babe",
                "sha256:ebfb099f8dcf083deef3ac1ca4c1503f387cf76296fcb3816b66f5ecb5f54fdb",
                "sha256:ece3d2cfe132e7d51f44a832b303895e6f2d499c5e74dfbdb06ee246147a304a",
                "sha256:ed9749eef4cbd126da3dc1d6bcb3a57f5eb7ac6a6484146bdbf743f552dfc577",
                "sha256:ede83e07a75dd06bc501566c1eca2afc0d61677c1472ac9ad93fdee6e638a48d",
                "sha256:ef4aea96ce4d3b074422cb4f2f64e216bf9e213004bb58ecfdf50ea02ea8eb9a",
                "sha256:f3a3570c4a2a16746ac2c31a7c7c7b0c186b95ce902e33db6f28094ed7387dda",
                "sha256:f407cb6b8e9d6d8c626bc73c945db1706035af8fd632295547bf1c9e46d092d6",
                "sha256:f74a575920ab21fe304421a3fc28793d82e299cae9eccb37084e9fc7f3617c20"
            ],
            "index": "pypi",
            "markers": "python_version >= '3.11'",
            "version": "==2.4.6"
        },
        "pycparser": {
            "hashes": [
                "sha256:600f49d217304a5902ac3c37e1281c9fe94e4d0489de643a9504c5cdfdfc6b29",
                "sha256:b727414169a36b7d524c1c3e31839a521725078d7b2ff038656844266160a992"
            ],
            "markers": "python_version >= '3.10'",
            "version": "==3.0"
        },
        "soundfile": {
            "hashes": [
                "sha256:0a6ae43c50c71b4e020cc55382925cb89451c1ed1a0c3d0f5d802da269226849",
                "sha256:19be05428da76ed61a4cad29b8e4bcf43a3e5c100089d2ec81dc961eed1b0dd4",
                "sha256:1e38bac1853412871318e82a1ba69a8be677619b56025bbfcccdb41b6cafe82d",
                "sha256:299491d3499460fb1b74bb4bd78b57ffc2d243a5fafa7b6ec1b264875c78453e",
                "sha256:8ba81ae3a89fd5ab3bef8a8eb481fbbe794e806309675a89b4df48b8d31908a8",
                "sha256:ba1c1a2d618bca5c406647c83b89f07cc8810fa506a50622a6993ba130c1de11",
                "sha256:d828d35a059626da52f1415b5faee610aeab393319cb3fc4a9aef47b619fc14c",
                "sha256:e090704718e124e7c844695236f1fce8d18a5e761eaf7c82dfcd124620805f98",
                "sha256:e85724a90bc99a6e8062c0b4ddf725f53b2a3b70afd4da875e9d2cfc4e92f377"
            ],
            "index": "pypi",
            "markers": "python_version >= '3.10'",
            "version": "==0.14.0"
        },
        "typing-extensions": {
            "hashes": [
                "sha256:481caa481374e813c1b176ada14e97f1f67a4539ce9cfeb3f350d78d6370c2e8",
                "sha256:dc983d19a509c94dba722ee6abd33940f7c05a89e243c47e907eb4db6f1a43e5"
            ],
            "markers": "python_version >= '3.9'",
            "version": "==4.16.0"
        }
    },
    "develop": {}
}
